
Microsoft Visual Studio Solution File, Format Version 12.00
# Visual Studio 15
VisualStudioVersion = 15.0.27428.2043
MinimumVisualStudioVersion = 10.0.40219.1
Project("{FAE04EC0-301F-11D3-BF4B-00C04F79EFBC}") = "SurvivalBox.Android", "SurvivalBox\SurvivalBox.Android\SurvivalBox.Android.csproj", "{223ED2D9-74F5-4CEF-8C75-1139DE389CB4}"
EndProject
Project("{FAE04EC0-301F-11D3-BF4B-00C04F79EFBC}") = "SurvivalBox.iOS", "SurvivalBox\SurvivalBox.iOS\SurvivalBox.iOS.csproj", "{EF916F31-A117-41EA-90C2-70214A8483B8}"
EndProject
Project("{FAE04EC0-301F-11D3-BF4B-00C04F79EFBC}") = "SurvivalBox.UWP", "SurvivalBox\SurvivalBox.UWP\SurvivalBox.UWP.csproj", "{6A94AF5C-7F54-4762-8B95-3587B9DA2DD2}"
EndProject
Project("{FAE04EC0-301F-11D3-BF4B-00C04F79EFBC}") = "SurvivalBox", "SurvivalBox\SurvivalBox\SurvivalBox.csproj", "{0EA29F6D-C786-4615-8724-D72238C24638}"
EndProject
Global
	GlobalSection(SolutionConfigurationPlatforms) = preSolution
		Ad-Hoc|Any CPU = Ad-Hoc|Any CPU
		Ad-Hoc|ARM = Ad-Hoc|ARM
		Ad-Hoc|iPhone = Ad-Hoc|iPhone
		Ad-Hoc|iPhoneSimulator = Ad-Hoc|iPhoneSimulator
		Ad-Hoc|x64 = Ad-Hoc|x64
		Ad-Hoc|x86 = Ad-Hoc|x86
		AppStore|Any CPU = AppStore|Any CPU
		AppStore|ARM = AppStore|ARM
		AppStore|iPhone = AppStore|iPhone
		AppStore|iPhoneSimulator = AppStore|iPhoneSimulator
		AppStore|x64 = AppStore|x64
		AppStore|x86 = AppStore|x86
		Debug|Any CPU = Debug|Any CPU
		Debug|ARM = Debug|ARM
		Debug|iPhone = Debug|iPhone
		Debug|iPhoneSimulator = Debug|iPhoneSimulator
		Debug|x64 = Debug|x64
		Debug|x86 = Debug|x86
		Release|Any CPU = Release|Any CPU
		Release|ARM = Release|ARM
		Release|iPhone = Release|iPhone
		Release|iPhoneSimulator = Release|iPhoneSimulator
		Release|x64 = Release|x64
		Release|x86 = Release|x86
	EndGlobalSection
	GlobalSection(ProjectConfigurationPlatforms) = postSolution
		{223ED2D9-74F5-4CEF-8C75-1139DE389CB4}.Ad-Hoc|Any CPU.ActiveCfg = Release|Any CPU
		{223ED2D9-74F5-4CEF-8C75-1139DE389CB4}.Ad-Hoc|Any CPU.Build.0 = Release|Any CPU
		{223ED2D9-74F5-4CEF-8C75-1139DE389CB4}.Ad-Hoc|Any CPU.Deploy.0 = Release|Any CPU
		{223ED2D9-74F5-4CEF-8C75-1139DE389CB4}.Ad-Hoc|ARM.ActiveCfg = Release|Any CPU
		{223ED2D9-74F5-4CEF-8C75-1139DE389CB4}.Ad-Hoc|ARM.Build.0 = Release|Any CPU
		{223ED2D9-74F5-4CEF-8C75-1139DE389CB4}.Ad-Hoc|ARM.Deploy.0 = Release|Any CPU
		{223ED2D9-74F5-4CEF-8C75-1139DE389CB4}.Ad-Hoc|iPhone.ActiveCfg = Release|Any CPU
		{223ED2D9-74F5-4CEF-8C75-1139DE389CB4}.Ad-Hoc|iPhone.Build.0 = Release|Any CPU
		{223ED2D9-74F5-4CEF-8C75-1139DE389CB4}.Ad-Hoc|iPhone.Deploy.0 = Release|Any CPU
		{223ED2D9-74F5-4CEF-8C75-1139DE389CB4}.Ad-Hoc|iPhoneSimulator.ActiveCfg = Release|Any CPU
		{223ED2D9-74F5-4CEF-8C75-1139DE389CB4}.Ad-Hoc|iPhoneSimulator.Build.0 = Release|Any CPU
		{223ED2D9-74F5-4CEF-8C75-1139DE389CB4}.Ad-Hoc|iPhoneSimulator.Deploy.0 = Release|Any CPU
		{223ED2D9-74F5-4CEF-8C75-1139DE389CB4}.Ad-Hoc|x64.ActiveCfg = Release|Any CPU
		{223ED2D9-74F5-4CEF-8C75-1139DE389CB4}.Ad-Hoc|x64.Build.0 = Release|Any CPU
		{223ED2D9-74F5-4CEF-8C75-1139DE389CB4}.Ad-Hoc|x64.Deploy.0 = Release|Any CPU
		{223ED2D9-74F5-4CEF-8C75-1139DE389CB4}.Ad-Hoc|x86.ActiveCfg = Release|Any CPU
		{223ED2D9-74F5-4CEF-8C75-1139DE389CB4}.Ad-Hoc|x86.Build.0 = Release|Any CPU
		{223ED2D9-74F5-4CEF-8C75-1139DE389CB4}.Ad-Hoc|x86.Deploy.0 = Release|Any CPU
		{223ED2D9-74F5-4CEF-8C75-1139DE389CB4}.AppStore|Any CPU.ActiveCfg = Release|Any CPU
		{223ED2D9-74F5-4CEF-8C75-1139DE389CB4}.AppStore|Any CPU.Build.0 = Release|Any CPU
		{223ED2D9-74F5-4CEF-8C75-1139DE389CB4}.AppStore|Any CPU.Deploy.0 = Release|Any CPU
		{223ED2D9-74F5-4CEF-8C75-1139DE389CB4}.AppStore|ARM.ActiveCfg = Release|Any CPU
		{223ED2D9-74F5-4CEF-8C75-1139DE389CB4}.AppStore|ARM.Build.0 = Release|Any CPU
		{223ED2D9-74F5-4CEF-8C75-1139DE389CB4}.AppStore|ARM.Deploy.0 = Release|Any CPU
		{223ED2D9-74F5-4CEF-8C75-1139DE389CB4}.AppStore|iPhone.ActiveCfg = Release|Any CPU
		{223ED2D9-74F5-4CEF-8C75-1139DE389CB4}.AppStore|iPhone.Build.0 = Release|Any CPU
		{223ED2D9-74F5-4CEF-8C75-1139DE389CB4}.AppStore|iPhone.Deploy.0 = Release|Any CPU
		{223ED2D9-74F5-4CEF-8C75-1139DE389CB4}.AppStore|iPhoneSimulator.ActiveCfg = Release|Any CPU
		{223ED2D9-74F5-4CEF-8C75-1139DE389CB4}.AppStore|iPhoneSimulator.Build.0 = Release|Any CPU
		{223ED2D9-74F5-4CEF-8C75-1139DE389CB4}.AppStore|iPhoneSimulator.Deploy.0 = Release|Any CPU
		{223ED2D9-74F5-4CEF-8C75-1139DE389CB4}.AppStore|x64.ActiveCfg = Release|Any CPU
		{223ED2D9-74F5-4CEF-8C75-1139DE389CB4}.AppStore|x64.Build.0 = Release|Any CPU
		{223ED2D9-74F5-4CEF-8C75-1139DE389CB4}.AppStore|x64.Deploy.0 = Release|Any CPU
		{223ED2D9-74F5-4CEF-8C75-1139DE389CB4}.AppStore|x86.ActiveCfg = Release|Any CPU
		{223ED2D9-74F5-4CEF-8C75-1139DE389CB4}.AppStore|x86.Build.0 = Release|Any CPU
		{223ED2D9-74F5-4CEF-8C75-1139DE389CB4}.AppStore|x86.Deploy.0 = Release|Any CPU
		{223ED2D9-74F5-4CEF-8C75-1139DE389CB4}.Debug|Any CPU.ActiveCfg = Debug|Any CPU
		{223ED2D9-74F5-4CEF-8C75-1139DE389CB4}.Debug|Any CPU.Build.0 = Debug|Any CPU
		{223ED2D9-74F5-4CEF-8C75-1139DE389CB4}.Debug|Any CPU.Deploy.0 = Debug|Any CPU
		{223ED2D9-74F5-4CEF-8C75-1139DE389CB4}.Debug|ARM.ActiveCfg = Debug|Any CPU
		{223ED2D9-74F5-4CEF-8C75-1139DE389CB4}.Debug|ARM.Build.0 = Debug|Any CPU
		{223ED2D9-74F5-4CEF-8C75-1139DE389CB4}.Debug|ARM.Deploy.0 = Debug|Any CPU
		{223ED2D9-74F5-4CEF-8C75-1139DE389CB4}.Debug|iPhone.ActiveCfg = Debug|Any CPU
		{223ED2D9-74F5-4CEF-8C75-1139DE389CB4}.Debug|iPhone.Build.0 = Debug|Any CPU
		{223ED2D9-74F5-4CEF-8C75-1139DE389CB4}.Debug|iPhone.Deploy.0 = Debug|Any CPU
		{223ED2D9-74F5-4CEF-8C75-1139DE389CB4}.Debug|iPhoneSimulator.ActiveCfg = Debug|Any CPU
		{223ED2D9-74F5-4CEF-8C75-1139DE389CB4}.Debug|iPhoneSimulator.Build.0 = Debug|Any CPU
		{223ED2D9-74F5-4CEF-8C75-1139DE389CB4}.Debug|iPhoneSimulator.Deploy.0 = Debug|Any CPU
		{223ED2D9-74F5-4CEF-8C75-1139DE389CB4}.Debug|x64.ActiveCfg = Debug|Any CPU
		{223ED2D9-74F5-4CEF-8C75-1139DE389CB4}.Debug|x64.Build.0 = Debug|Any CPU
		{223ED2D9-74F5-4CEF-8C75-1139DE389CB4}.Debug|x64.Deploy.0 = Debug|Any CPU
		{223ED2D9-74F5-4CEF-8C75-1139DE389CB4}.Debug|x86.ActiveCfg = Debug|Any CPU
		{223ED2D9-74F5-4CEF-8C75-1139DE389CB4}.Debug|x86.Build.0 = Debug|Any CPU
		{223ED2D9-74F5-4CEF-8C75-1139DE389CB4}.Debug|x86.Deploy.0 = Debug|Any CPU
		{223ED2D9-74F5-4CEF-8C75-1139DE389CB4}.Release|Any CPU.ActiveCfg = Release|Any CPU
		{223ED2D9-74F5-4CEF-8C75-1139DE389CB4}.Release|Any CPU.Build.0 = Release|Any CPU
		{223ED2D9-74F5-4CEF-8C75-1139DE389CB4}.Release|Any CPU.Deploy.0 = Release|Any CPU
		{223ED2D9-74F5-4CEF-8C75-1139DE389CB4}.Release|ARM.ActiveCfg = Release|Any CPU
		{223ED2D9-74F5-4CEF-8C75-1139DE389CB4}.Release|ARM.Build.0 = Release|Any CPU
		{223ED2D9-74F5-4CEF-8C75-1139DE389CB4}.Release|ARM.Deploy.0 = Release|Any CPU
		{223ED2D9-74F5-4CEF-8C75-1139DE389CB4}.Release|iPhone.ActiveCfg = Release|Any CPU
		{223ED2D9-74F5-4CEF-8C75-1139DE389CB4}.Release|iPhone.Build.0 = Release|Any CPU
		{223ED2D9-74F5-4CEF-8C75-1139DE389CB4}.Release|iPhone.Deploy.0 = Release|Any CPU
		{223ED2D9-74F5-4CEF-8C75-1139DE389CB4}.Release|iPhoneSimulator.ActiveCfg = Release|Any CPU
		{223ED2D9-74F5-4CEF-8C75-1139DE389CB4}.Release|iPhoneSimulator.Build.0 = Release|Any CPU
		{223ED2D9-74F5-4CEF-8C75-1139DE389CB4}.Release|iPhoneSimulator.Deploy.0 = Release|Any CPU
		{223ED2D9-74F5-4CEF-8C75-1139DE389CB4}.Release|x64.ActiveCfg = Release|Any CPU
		{223ED2D9-74F5-4CEF-8C75-1139DE389CB4}.Release|x64.Build.0 = Release|Any CPU
		{223ED2D9-74F5-4CEF-8C75-1139DE389CB4}.Release|x64.Deploy.0 = Release|Any CPU
		{223ED2D9-74F5-4CEF-8C75-1139DE389CB4}.Release|x86.ActiveCfg = Release|Any CPU
		{223ED2D9-74F5-4CEF-8C75-1139DE389CB4}.Release|x86.Build.0 = Release|Any CPU
		{223ED2D9-74F5-4CEF-8C75-1139DE389CB4}.Release|x86.Deploy.0 = Release|Any CPU
		{EF916F31-A117-41EA-90C2-70214A8483B8}.Ad-Hoc|Any CPU.ActiveCfg = Ad-Hoc|iPhone
		{EF916F31-A117-41EA-90C2-70214A8483B8}.Ad-Hoc|ARM.ActiveCfg = Ad-Hoc|iPhone
		{EF916F31-A117-41EA-90C2-70214A8483B8}.Ad-Hoc|iPhone.ActiveCfg = Ad-Hoc|iPhone
		{EF916F31-A117-41EA-90C2-70214A8483B8}.Ad-Hoc|iPhone.Build.0 = Ad-Hoc|iPhone
		{EF916F31-A117-41EA-90C2-70214A8483B8}.Ad-Hoc|iPhoneSimulator.ActiveCfg = Ad-Hoc|iPhoneSimulator
		{EF916F31-A117-41EA-90C2-70214A8483B8}.Ad-Hoc|iPhoneSimulator.Build.0 = Ad-Hoc|iPhoneSimulator
		{EF916F31-A117-41EA-90C2-70214A8483B8}.Ad-Hoc|x64.ActiveCfg = Ad-Hoc|iPhone
		{EF916F31-A117-41EA-90C2-70214A8483B8}.Ad-Hoc|x86.ActiveCfg = Ad-Hoc|iPhone
		{EF916F31-A117-41EA-90C2-70214A8483B8}.AppStore|Any CPU.ActiveCfg = AppStore|iPhone
		{EF916F31-A117-41EA-90C2-70214A8483B8}.AppStore|ARM.ActiveCfg = AppStore|iPhone
		{EF916F31-A117-41EA-90C2-70214A8483B8}.AppStore|iPhone.ActiveCfg = AppStore|iPhone
		{EF916F31-A117-41EA-90C2-70214A8483B8}.AppStore|iPhone.Build.0 = AppStore|iPhone
		{EF916F31-A117-41EA-90C2-70214A8483B8}.AppStore|iPhoneSimulator.ActiveCfg = AppStore|iPhoneSimulator
		{EF916F31-A117-41EA-90C2-70214A8483B8}.AppStore|iPhoneSimulator.Build.0 = AppStore|iPhoneSimulator
		{EF916F31-A117-41EA-90C2-70214A8483B8}.AppStore|x64.ActiveCfg = AppStore|iPhone
		{EF916F31-A117-41EA-90C2-70214A8483B8}.AppStore|x86.ActiveCfg = AppStore|iPhone
		{EF916F31-A117-41EA-90C2-70214A8483B8}.Debug|Any CPU.ActiveCfg = Debug|iPhone
		{EF916F31-A117-41EA-90C2-70214A8483B8}.Debug|ARM.ActiveCfg = Debug|iPhone
		{EF916F31-A117-41EA-90C2-70214A8483B8}.Debug|iPhone.ActiveCfg = Debug|iPhone
		{EF916F31-A117-41EA-90C2-70214A8483B8}.Debug|iPhone.Build.0 = Debug|iPhone
		{EF916F31-A117-41EA-90C2-70214A8483B8}.Debug|iPhoneSimulator.ActiveCfg = Debug|iPhoneSimulator
		{EF916F31-A117-41EA-90C2-70214A8483B8}.Debug|iPhoneSimulator.Build.0 = Debug|iPhoneSimulator
		{EF916F31-A117-41EA-90C2-70214A8483B8}.Debug|x64.ActiveCfg = Debug|iPhone
		{EF916F31-A117-41EA-90C2-70214A8483B8}.Debug|x86.ActiveCfg = Debug|iPhone
		{EF916F31-A117-41EA-90C2-70214A8483B8}.Release|Any CPU.ActiveCfg = Release|iPhone
		{EF916F31-A117-41EA-90C2-70214A8483B8}.Release|ARM.ActiveCfg = Release|iPhone
		{EF916F31-A117-41EA-90C2-70214A8483B8}.Release|iPhone.ActiveCfg = Release|iPhone
		{EF916F31-A117-41EA-90C2-70214A8483B8}.Release|iPhone.Build.0 = Release|iPhone
		{EF916F31-A117-41EA-90C2-70214A8483B8}.Release|iPhoneSimulator.ActiveCfg = Release|iPhoneSimulator
		{EF916F31-A117-41EA-90C2-70214A8483B8}.Release|iPhoneSimulator.Build.0 = Release|iPhoneSimulator
		{EF916F31-A117-41EA-90C2-70214A8483B8}.Release|x64.ActiveCfg = Release|iPhone
		{EF916F31-A117-41EA-90C2-70214A8483B8}.Release|x86.ActiveCfg = Release|iPhone
		{6A94AF5C-7F54-4762-8B95-3587B9DA2DD2}.Ad-Hoc|Any CPU.ActiveCfg = Release|x86
		{6A94AF5C-7F54-4762-8B95-3587B9DA2DD2}.Ad-Hoc|Any CPU.Build.0 = Release|x86
		{6A94AF5C-7F54-4762-8B95-3587B9DA2DD2}.Ad-Hoc|Any CPU.Deploy.0 = Release|x86
		{6A94AF5C-7F54-4762-8B95-3587B9DA2DD2}.Ad-Hoc|ARM.ActiveCfg = Release|ARM
		{6A94AF5C-7F54-4762-8B95-3587B9DA2DD2}.Ad-Hoc|ARM.Build.0 = Release|ARM
		{6A94AF5C-7F54-4762-8B95-3587B9DA2DD2}.Ad-Hoc|ARM.Deploy.0 = Release|ARM
		{6A94AF5C-7F54-4762-8B95-3587B9DA2DD2}.Ad-Hoc|iPhone.ActiveCfg = Release|x86
		{6A94AF5C-7F54-4762-8B95-3587B9DA2DD2}.Ad-Hoc|iPhone.Build.0 = Release|x86
		{6A94AF5C-7F54-4762-8B95-3587B9DA2DD2}.Ad-Hoc|iPhone.Deploy.0 = Release|x86
		{6A94AF5C-7F54-4762-8B95-3587B9DA2DD2}.Ad-Hoc|iPhoneSimulator.ActiveCfg = Release|x86
		{6A94AF5C-7F54-4762-8B95-3587B9DA2DD2}.Ad-Hoc|iPhoneSimulator.Build.0 = Release|x86
		{6A94AF5C-7F54-4762-8B95-3587B9DA2DD2}.Ad-Hoc|iPhoneSimulator.Deploy.0 = Release|x86
		{6A94AF5C-7F54-4762-8B95-3587B9DA2DD2}.Ad-Hoc|x64.ActiveCfg = Release|x64
		{6A94AF5C-7F54-4762-8B95-3587B9DA2DD2}.Ad-Hoc|x64.Build.0 = Release|x64
		{6A94AF5C-7F54-4762-8B95-3587B9DA2DD2}.Ad-Hoc|x64.Deploy.0 = Release|x64
		{6A94AF5C-7F54-4762-8B95-3587B9DA2DD2}.Ad-Hoc|x86.ActiveCfg = Release|x86
		{6A94AF5C-7F54-4762-8B95-3587B9DA2DD2}.Ad-Hoc|x86.Build.0 = Release|x86
		{6A94AF5C-7F54-4762-8B95-3587B9DA2DD2}.Ad-Hoc|x86.Deploy.0 = Release|x86
		{6A94AF5C-7F54-4762-8B95-3587B9DA2DD2}.AppStore|Any CPU.ActiveCfg = Release|x86
		{6A94AF5C-7F54-4762-8B95-3587B9DA2DD2}.AppStore|Any CPU.Build.0 = Release|x86
		{6A94AF5C-7F54-4762-8B95-3587B9DA2DD2}.AppStore|Any CPU.Deploy.0 = Release|x86
		{6A94AF5C-7F54-4762-8B95-3587B9DA2DD2}.AppStore|ARM.ActiveCfg = Release|ARM
		{6A94AF5C-7F54-4762-8B95-3587B9DA2DD2}.AppStore|ARM.Build.0 = Release|ARM
		{6A94AF5C-7F54-4762-8B95-3587B9DA2DD2}.AppStore|ARM.Deploy.0 = Release|ARM
		{6A94AF5C-7F54-4762-8B95-3587B9DA2DD2}.AppStore|iPhone.ActiveCfg = Release|x86
		{6A94AF5C-7F54-4762-8B95-3587B9DA2DD2}.AppStore|iPhone.Build.0 = Release|x86
		{6A94AF5C-7F54-4762-8B95-3587B9DA2DD2}.AppStore|iPhone.Deploy.0 = Release|x86
		{6A94AF5C-7F54-4762-8B95-3587B9DA2DD2}.AppStore|iPhoneSimulator.ActiveCfg = Release|x86
		{6A94AF5C-7F54-4762-8B95-3587B9DA2DD2}.AppStore|iPhoneSimulator.Build.0 = Release|x86
		{6A94AF5C-7F54-4762-8B95-3587B9DA2DD2}.AppStore|iPhoneSimulator.Deploy.0 = Release|x86
		{6A94AF5C-7F54-4762-8B95-3587B9DA2DD2}.AppStore|x64.ActiveCfg = Release|x64
		{6A94AF5C-7F54-4762-8B95-3587B9DA2DD2}.AppStore|x64.Build.0 = Release|x64
		{6A94AF5C-7F54-4762-8B95-3587B9DA2DD2}.AppStore|x64.Deploy.0 = Release|x64
		{6A94AF5C-7F54-4762-8B95-3587B9DA2DD2}.AppStore|x86.ActiveCfg = Release|x86
		{6A94AF5C-7F54-4762-8B95-3587B9DA2DD2}.AppStore|x86.Build.0 = Release|x86
		{6A94AF5C-7F54-4762-8B95-3587B9DA2DD2}.AppStore|x86.Deploy.0 = Release|x86
		{6A94AF5C-7F54-4762-8B95-3587B9DA2DD2}.Debug|Any CPU.ActiveCfg = Debug|x86
		{6A94AF5C-7F54-4762-8B95-3587B9DA2DD2}.Debug|ARM.ActiveCfg = Debug|ARM
		{6A94AF5C-7F54-4762-8B95-3587B9DA2DD2}.Debug|ARM.Build.0 = Debug|ARM
		{6A94AF5C-7F54-4762-8B95-3587B9DA2DD2}.Debug|ARM.Deploy.0 = Debug|ARM
		{6A94AF5C-7F54-4762-8B95-3587B9DA2DD2}.Debug|iPhone.ActiveCfg = Debug|x86
		{6A94AF5C-7F54-4762-8B95-3587B9DA2DD2}.Debug|iPhoneSimulator.ActiveCfg = Debug|x86
		{6A94AF5C-7F54-4762-8B95-3587B9DA2DD2}.Debug|x64.ActiveCfg = Debug|x64
		{6A94AF5C-7F54-4762-8B95-3587B9DA2DD2}.Debug|x64.Build.0 = Debug|x64
		{6A94AF5C-7F54-4762-8B95-3587B9DA2DD2}.Debug|x64.Deploy.0 = Debug|x64
		{6A94AF5C-7F54-4762-8B95-3587B9DA2DD2}.Debug|x86.ActiveCfg = Debug|x86
		{6A94AF5C-7F54-4762-8B95-3587B9DA2DD2}.Debug|x86.Build.0 = Debug|x86
		{6A94AF5C-7F54-4762-8B95-3587B9DA2DD2}.Debug|x86.Deploy.0 = Debug|x86
		{6A94AF5C-7F54-4762-8B95-3587B9DA2DD2}.Release|Any CPU.ActiveCfg = Release|x86
		{6A94AF5C-7F54-4762-8B95-3587B9DA2DD2}.Release|ARM.ActiveCfg = Release|ARM
		{6A94AF5C-7F54-4762-8B95-3587B9DA2DD2}.Release|ARM.Build.0 = Release|ARM
		{6A94AF5C-7F54-4762-8B95-3587B9DA2DD2}.Release|ARM.Deploy.0 = Release|ARM
		{6A94AF5C-7F54-4762-8B95-3587B9DA2DD2}.Release|iPhone.ActiveCfg = Release|x86
		{6A94AF5C-7F54-4762-8B95-3587B9DA2DD2}.Release|iPhoneSimulator.ActiveCfg = Release|x86
		{6A94AF5C-7F54-4762-8B95-3587B9DA2DD2}.Release|x64.ActiveCfg = Release|x64
		{6A94AF5C-7F54-4762-8B95-3587B9DA2DD2}.Release|x64.Build.0 = Release|x64
		{6A94AF5C-7F54-4762-8B95-3587B9DA2DD2}.Release|x64.Deploy.0 = Release|x64
		{6A94AF5C-7F54-4762-8B95-3587B9DA2DD2}.Release|x86.ActiveCfg = Release|x86
		{6A94AF5C-7F54-4762-8B95-3587B9DA2DD2}.Release|x86.Build.0 = Release|x86
		{6A94AF5C-7F54-4762-8B95-3587B9DA2DD2}.Release|x86.Deploy.0 = Release|x86
		{0EA29F6D-C786-4615-8724-D72238C24638}.Ad-Hoc|Any CPU.ActiveCfg = Debug|Any CPU
		{0EA29F6D-C786-4615-8724-D72238C24638}.Ad-Hoc|Any CPU.Build.0 = Debug|Any CPU
		{0EA29F6D-C786-4615-8724-D72238C24638}.Ad-Hoc|ARM.ActiveCfg = Debug|Any CPU
		{0EA29F6D-C786-4615-8724-D72238C24638}.Ad-Hoc|ARM.Build.0 = Debug|Any CPU
		{0EA29F6D-C786-4615-8724-D72238C24638}.Ad-Hoc|iPhone.ActiveCfg = Debug|Any CPU
		{0EA29F6D-C786-4615-8724-D72238C24638}.Ad-Hoc|iPhone.Build.0 = Debug|Any CPU
		{0EA29F6D-C786-4615-8724-D72238C24638}.Ad-Hoc|iPhoneSimulator.ActiveCfg = Debug|Any CPU
		{0EA29F6D-C786-4615-8724-D72238C24638}.Ad-Hoc|iPhoneSimulator.Build.0 = Debug|Any CPU
		{0EA29F6D-C786-4615-8724-D72238C24638}.Ad-Hoc|x64.ActiveCfg = Debug|Any CPU
		{0EA29F6D-C786-4615-8724-D72238C24638}.Ad-Hoc|x64.Build.0 = Debug|Any CPU
		{0EA29F6D-C786-4615-8724-D72238C24638}.Ad-Hoc|x86.ActiveCfg = Debug|Any CPU
		{0EA29F6D-C786-4615-8724-D72238C24638}.Ad-Hoc|x86.Build.0 = Debug|Any CPU
		{0EA29F6D-C786-4615-8724-D72238C24638}.AppStore|Any CPU.ActiveCfg = Debug|Any CPU
		{0EA29F6D-C786-4615-8724-D72238C24638}.AppStore|Any CPU.Build.0 = Debug|Any CPU
		{0EA29F6D-C786-4615-8724-D72238C24638}.AppStore|ARM.ActiveCfg = Debug|Any CPU
		{0EA29F6D-C786-4615-8724-D72238C24638}.AppStore|ARM.Build.0 = Debug|Any CPU
		{0EA29F6D-C786-4615-8724-D72238C24638}.AppStore|iPhone.ActiveCfg = Debug|Any CPU
		{0EA29F6D-C786-4615-8724-D72238C24638}.AppStore|iPhone.Build.0 = Debug|Any CPU
		{0EA29F6D-C786-4615-8724-D72238C24638}.AppStore|iPhoneSimulator.ActiveCfg = Debug|Any CPU
		{0EA29F6D-C786-4615-8724-D72238C24638}.AppStore|iPhoneSimulator.Build.0 = Debug|Any CPU
		{0EA29F6D-C786-4615-8724-D72238C24638}.AppStore|x64.ActiveCfg = Debug|Any CPU
		{0EA29F6D-C786-4615-8724-D72238C24638}.AppStore|x64.Build.0 = Debug|Any CPU
		{0EA29F6D-C786-4615-8724-D72238C24638}.AppStore|x86.ActiveCfg = Debug|Any CPU
		{0EA29F6D-C786-4615-8724-D72238C24638}.AppStore|x86.Build.0 = Debug|Any CPU
		{0EA29F6D-C786-4615-8724-D72238C24638}.Debug|Any CPU.ActiveCfg = Debug|Any CPU
		{0EA29F6D-C786-4615-8724-D72238C24638}.Debug|Any CPU.Build.0 = Debug|Any CPU
		{0EA29F6D-C786-4615-8724-D72238C24638}.Debug|ARM.ActiveCfg = Debug|Any CPU
		{0EA29F6D-C786-4615-8724-D72238C24638}.Debug|ARM.Build.0 = Debug|Any CPU
		{0EA29F6D-C786-4615-8724-D72238C24638}.Debug|iPhone.ActiveCfg = Debug|Any CPU
		{0EA29F6D-C786-4615-8724-D72238C24638}.Debug|iPhone.Build.0 = Debug|Any CPU
		{0EA29F6D-C786-4615-8724-D72238C24638}.Debug|iPhoneSimulator.ActiveCfg = Debug|Any CPU
		{0EA29F6D-C786-4615-8724-D72238C24638}.Debug|iPhoneSimulator.Build.0 = Debug|Any CPU
		{0EA29F6D-C786-4615-8724-D72238C24638}.Debug|x64.ActiveCfg = Debug|Any CPU
		{0EA29F6D-C786-4615-8724-D72238C24638}.Debug|x64.Build.0 = Debug|Any CPU
		{0EA29F6D-C786-4615-8724-D72238C24638}.Debug|x86.ActiveCfg = Debug|Any CPU
		{0EA29F6D-C786-4615-8724-D72238C24638}.Debug|x86.Build.0 = Debug|Any CPU
		{0EA29F6D-C786-4615-8724-D72238C24638}.Release|Any CPU.ActiveCfg = Release|Any CPU
		{0EA29F6D-C786-4615-8724-D72238C24638}.Release|Any CPU.Build.0 = Release|Any CPU
		{0EA29F6D-C786-4615-8724-D72238C24638}.Release|ARM.ActiveCfg = Release|Any CPU
		{0EA29F6D-C786-4615-8724-D72238C24638}.Release|ARM.Build.0 = Release|Any CPU
		{0EA29F6D-C786-4615-8724-D72238C24638}.Release|iPhone.ActiveCfg = Release|Any CPU
		{0EA29F6D-C786-4615-8724-D72238C24638}.Release|iPhone.Build.0 = Release|Any CPU
		{0EA29F6D-C786-4615-8724-D72238C24638}.Release|iPhoneSimulator.ActiveCfg = Release|Any CPU
		{0EA29F6D-C786-4615-8724-D72238C24638}.Release|iPhoneSimulator.Build.0 = Release|Any CPU
		{0EA29F6D-C786-4615-8724-D72238C24638}.Release|x64.ActiveCfg = Release|Any CPU
		{0EA29F6D-C786-4615-8724-D72238C24638}.Release|x64.Build.0 = Release|Any CPU
		{0EA29F6D-C786-4615-8724-D72238C24638}.Release|x86.ActiveCfg = Release|Any CPU
		{0EA29F6D-C786-4615-8724-D72238C24638}.Release|x86.Build.0 = Release|Any CPU
	EndGlobalSection
	GlobalSection(SolutionProperties) = preSolution
		HideSolutionNode = FALSE
	EndGlobalSection
	GlobalSection(ExtensibilityGlobals) = postSolution
		SolutionGuid = {A621E2C0-2DCF-4C13-B262-EC6A4A0B1E66}
	EndGlobalSection
EndGlobal
