
Microsoft Visual Studio Solution File, Format Version 12.00
# Visual Studio 15
VisualStudioVersion = 15.0.27428.2043
MinimumVisualStudioVersion = 10.0.40219.1
Project("{9A19103F-16F7-4668-BE54-9A1E7A4F7556}") = "SurvivalBox", "SurvivalBox\SurvivalBox\SurvivalBox.csproj", "{763904D8-5626-4A75-AD18-241444BCD55B}"
EndProject
Project("{FAE04EC0-301F-11D3-BF4B-00C04F79EFBC}") = "SurvivalBox.Android", "SurvivalBox\SurvivalBox.Android\SurvivalBox.Android.csproj", "{5B1D9021-AE43-453F-A848-2FBECBE2669F}"
EndProject
Project("{FAE04EC0-301F-11D3-BF4B-00C04F79EFBC}") = "SurvivalBox.iOS", "SurvivalBox\SurvivalBox.iOS\SurvivalBox.iOS.csproj", "{0942C528-97A8-42A9-8EC4-9935FF5067F9}"
EndProject
Project("{FAE04EC0-301F-11D3-BF4B-00C04F79EFBC}") = "SurvivalBox.UWP", "SurvivalBox\SurvivalBox.UWP\SurvivalBox.UWP.csproj", "{EC303CE2-1A11-471B-8E70-353D7960ECB8}"
EndProject
Project("{FAE04EC0-301F-11D3-BF4B-00C04F79EFBC}") = "DataParser", "DataParser\DataParser.csproj", "{BFAE359E-121F-4908-AE1B-882A1962706F}"
EndProject
Global
	GlobalSection(SolutionConfigurationPlatforms) = preSolution
		Ad-Hoc|Any CPU = Ad-Hoc|Any CPU
		Ad-Hoc|ARM = Ad-Hoc|ARM
		Ad-Hoc|iPhone = Ad-Hoc|iPhone
		Ad-Hoc|iPhoneSimulator = Ad-Hoc|iPhoneSimulator
		Ad-Hoc|x64 = Ad-Hoc|x64
		Ad-Hoc|x86 = Ad-Hoc|x86
		AppStore|Any CPU = AppStore|Any CPU
		AppStore|ARM = AppStore|ARM
		AppStore|iPhone = AppStore|iPhone
		AppStore|iPhoneSimulator = AppStore|iPhoneSimulator
		AppStore|x64 = AppStore|x64
		AppStore|x86 = AppStore|x86
		Debug|Any CPU = Debug|Any CPU
		Debug|ARM = Debug|ARM
		Debug|iPhone = Debug|iPhone
		Debug|iPhoneSimulator = Debug|iPhoneSimulator
		Debug|x64 = Debug|x64
		Debug|x86 = Debug|x86
		Release|Any CPU = Release|Any CPU
		Release|ARM = Release|ARM
		Release|iPhone = Release|iPhone
		Release|iPhoneSimulator = Release|iPhoneSimulator
		Release|x64 = Release|x64
		Release|x86 = Release|x86
	EndGlobalSection
	GlobalSection(ProjectConfigurationPlatforms) = postSolution
		{763904D8-5626-4A75-AD18-241444BCD55B}.Ad-Hoc|Any CPU.ActiveCfg = Debug|Any CPU
		{763904D8-5626-4A75-AD18-241444BCD55B}.Ad-Hoc|Any CPU.Build.0 = Debug|Any CPU
		{763904D8-5626-4A75-AD18-241444BCD55B}.Ad-Hoc|ARM.ActiveCfg = Debug|Any CPU
		{763904D8-5626-4A75-AD18-241444BCD55B}.Ad-Hoc|ARM.Build.0 = Debug|Any CPU
		{763904D8-5626-4A75-AD18-241444BCD55B}.Ad-Hoc|iPhone.ActiveCfg = Debug|Any CPU
		{763904D8-5626-4A75-AD18-241444BCD55B}.Ad-Hoc|iPhone.Build.0 = Debug|Any CPU
		{763904D8-5626-4A75-AD18-241444BCD55B}.Ad-Hoc|iPhoneSimulator.ActiveCfg = Debug|Any CPU
		{763904D8-5626-4A75-AD18-241444BCD55B}.Ad-Hoc|iPhoneSimulator.Build.0 = Debug|Any CPU
		{763904D8-5626-4A75-AD18-241444BCD55B}.Ad-Hoc|x64.ActiveCfg = Debug|Any CPU
		{763904D8-5626-4A75-AD18-241444BCD55B}.Ad-Hoc|x64.Build.0 = Debug|Any CPU
		{763904D8-5626-4A75-AD18-241444BCD55B}.Ad-Hoc|x86.ActiveCfg = Debug|Any CPU
		{763904D8-5626-4A75-AD18-241444BCD55B}.Ad-Hoc|x86.Build.0 = Debug|Any CPU
		{763904D8-5626-4A75-AD18-241444BCD55B}.AppStore|Any CPU.ActiveCfg = Debug|Any CPU
		{763904D8-5626-4A75-AD18-241444BCD55B}.AppStore|Any CPU.Build.0 = Debug|Any CPU
		{763904D8-5626-4A75-AD18-241444BCD55B}.AppStore|ARM.ActiveCfg = Debug|Any CPU
		{763904D8-5626-4A75-AD18-241444BCD55B}.AppStore|ARM.Build.0 = Debug|Any CPU
		{763904D8-5626-4A75-AD18-241444BCD55B}.AppStore|iPhone.ActiveCfg = Debug|Any CPU
		{763904D8-5626-4A75-AD18-241444BCD55B}.AppStore|iPhone.Build.0 = Debug|Any CPU
		{763904D8-5626-4A75-AD18-241444BCD55B}.AppStore|iPhoneSimulator.ActiveCfg = Debug|Any CPU
		{763904D8-5626-4A75-AD18-241444BCD55B}.AppStore|iPhoneSimulator.Build.0 = Debug|Any CPU
		{763904D8-5626-4A75-AD18-241444BCD55B}.AppStore|x64.ActiveCfg = Debug|Any CPU
		{763904D8-5626-4A75-AD18-241444BCD55B}.AppStore|x64.Build.0 = Debug|Any CPU
		{763904D8-5626-4A75-AD18-241444BCD55B}.AppStore|x86.ActiveCfg = Debug|Any CPU
		{763904D8-5626-4A75-AD18-241444BCD55B}.AppStore|x86.Build.0 = Debug|Any CPU
		{763904D8-5626-4A75-AD18-241444BCD55B}.Debug|Any CPU.ActiveCfg = Debug|Any CPU
		{763904D8-5626-4A75-AD18-241444BCD55B}.Debug|Any CPU.Build.0 = Debug|Any CPU
		{763904D8-5626-4A75-AD18-241444BCD55B}.Debug|ARM.ActiveCfg = Debug|Any CPU
		{763904D8-5626-4A75-AD18-241444BCD55B}.Debug|ARM.Build.0 = Debug|Any CPU
		{763904D8-5626-4A75-AD18-241444BCD55B}.Debug|iPhone.ActiveCfg = Debug|Any CPU
		{763904D8-5626-4A75-AD18-241444BCD55B}.Debug|iPhone.Build.0 = Debug|Any CPU
		{763904D8-5626-4A75-AD18-241444BCD55B}.Debug|iPhoneSimulator.ActiveCfg = Debug|Any CPU
		{763904D8-5626-4A75-AD18-241444BCD55B}.Debug|iPhoneSimulator.Build.0 = Debug|Any CPU
		{763904D8-5626-4A75-AD18-241444BCD55B}.Debug|x64.ActiveCfg = Debug|Any CPU
		{763904D8-5626-4A75-AD18-241444BCD55B}.Debug|x64.Build.0 = Debug|Any CPU
		{763904D8-5626-4A75-AD18-241444BCD55B}.Debug|x86.ActiveCfg = Debug|Any CPU
		{763904D8-5626-4A75-AD18-241444BCD55B}.Debug|x86.Build.0 = Debug|Any CPU
		{763904D8-5626-4A75-AD18-241444BCD55B}.Release|Any CPU.ActiveCfg = Release|Any CPU
		{763904D8-5626-4A75-AD18-241444BCD55B}.Release|Any CPU.Build.0 = Release|Any CPU
		{763904D8-5626-4A75-AD18-241444BCD55B}.Release|ARM.ActiveCfg = Release|Any CPU
		{763904D8-5626-4A75-AD18-241444BCD55B}.Release|ARM.Build.0 = Release|Any CPU
		{763904D8-5626-4A75-AD18-241444BCD55B}.Release|iPhone.ActiveCfg = Release|Any CPU
		{763904D8-5626-4A75-AD18-241444BCD55B}.Release|iPhone.Build.0 = Release|Any CPU
		{763904D8-5626-4A75-AD18-241444BCD55B}.Release|iPhoneSimulator.ActiveCfg = Release|Any CPU
		{763904D8-5626-4A75-AD18-241444BCD55B}.Release|iPhoneSimulator.Build.0 = Release|Any CPU
		{763904D8-5626-4A75-AD18-241444BCD55B}.Release|x64.ActiveCfg = Release|Any CPU
		{763904D8-5626-4A75-AD18-241444BCD55B}.Release|x64.Build.0 = Release|Any CPU
		{763904D8-5626-4A75-AD18-241444BCD55B}.Release|x86.ActiveCfg = Release|Any CPU
		{763904D8-5626-4A75-AD18-241444BCD55B}.Release|x86.Build.0 = Release|Any CPU
		{5B1D9021-AE43-453F-A848-2FBECBE2669F}.Ad-Hoc|Any CPU.ActiveCfg = Release|Any CPU
		{5B1D9021-AE43-453F-A848-2FBECBE2669F}.Ad-Hoc|Any CPU.Build.0 = Release|Any CPU
		{5B1D9021-AE43-453F-A848-2FBECBE2669F}.Ad-Hoc|Any CPU.Deploy.0 = Release|Any CPU
		{5B1D9021-AE43-453F-A848-2FBECBE2669F}.Ad-Hoc|ARM.ActiveCfg = Release|Any CPU
		{5B1D9021-AE43-453F-A848-2FBECBE2669F}.Ad-Hoc|ARM.Build.0 = Release|Any CPU
		{5B1D9021-AE43-453F-A848-2FBECBE2669F}.Ad-Hoc|ARM.Deploy.0 = Release|Any CPU
		{5B1D9021-AE43-453F-A848-2FBECBE2669F}.Ad-Hoc|iPhone.ActiveCfg = Release|Any CPU
		{5B1D9021-AE43-453F-A848-2FBECBE2669F}.Ad-Hoc|iPhone.Build.0 = Release|Any CPU
		{5B1D9021-AE43-453F-A848-2FBECBE2669F}.Ad-Hoc|iPhone.Deploy.0 = Release|Any CPU
		{5B1D9021-AE43-453F-A848-2FBECBE2669F}.Ad-Hoc|iPhoneSimulator.ActiveCfg = Release|Any CPU
		{5B1D9021-AE43-453F-A848-2FBECBE2669F}.Ad-Hoc|iPhoneSimulator.Build.0 = Release|Any CPU
		{5B1D9021-AE43-453F-A848-2FBECBE2669F}.Ad-Hoc|iPhoneSimulator.Deploy.0 = Release|Any CPU
		{5B1D9021-AE43-453F-A848-2FBECBE2669F}.Ad-Hoc|x64.ActiveCfg = Release|Any CPU
		{5B1D9021-AE43-453F-A848-2FBECBE2669F}.Ad-Hoc|x64.Build.0 = Release|Any CPU
		{5B1D9021-AE43-453F-A848-2FBECBE2669F}.Ad-Hoc|x64.Deploy.0 = Release|Any CPU
		{5B1D9021-AE43-453F-A848-2FBECBE2669F}.Ad-Hoc|x86.ActiveCfg = Release|Any CPU
		{5B1D9021-AE43-453F-A848-2FBECBE2669F}.Ad-Hoc|x86.Build.0 = Release|Any CPU
		{5B1D9021-AE43-453F-A848-2FBECBE2669F}.Ad-Hoc|x86.Deploy.0 = Release|Any CPU
		{5B1D9021-AE43-453F-A848-2FBECBE2669F}.AppStore|Any CPU.ActiveCfg = Release|Any CPU
		{5B1D9021-AE43-453F-A848-2FBECBE2669F}.AppStore|Any CPU.Build.0 = Release|Any CPU
		{5B1D9021-AE43-453F-A848-2FBECBE2669F}.AppStore|Any CPU.Deploy.0 = Release|Any CPU
		{5B1D9021-AE43-453F-A848-2FBECBE2669F}.AppStore|ARM.ActiveCfg = Release|Any CPU
		{5B1D9021-AE43-453F-A848-2FBECBE2669F}.AppStore|ARM.Build.0 = Release|Any CPU
		{5B1D9021-AE43-453F-A848-2FBECBE2669F}.AppStore|ARM.Deploy.0 = Release|Any CPU
		{5B1D9021-AE43-453F-A848-2FBECBE2669F}.AppStore|iPhone.ActiveCfg = Release|Any CPU
		{5B1D9021-AE43-453F-A848-2FBECBE2669F}.AppStore|iPhone.Build.0 = Release|Any CPU
		{5B1D9021-AE43-453F-A848-2FBECBE2669F}.AppStore|iPhone.Deploy.0 = Release|Any CPU
		{5B1D9021-AE43-453F-A848-2FBECBE2669F}.AppStore|iPhoneSimulator.ActiveCfg = Release|Any CPU
		{5B1D9021-AE43-453F-A848-2FBECBE2669F}.AppStore|iPhoneSimulator.Build.0 = Release|Any CPU
		{5B1D9021-AE43-453F-A848-2FBECBE2669F}.AppStore|iPhoneSimulator.Deploy.0 = Release|Any CPU
		{5B1D9021-AE43-453F-A848-2FBECBE2669F}.AppStore|x64.ActiveCfg = Release|Any CPU
		{5B1D9021-AE43-453F-A848-2FBECBE2669F}.AppStore|x64.Build.0 = Release|Any CPU
		{5B1D9021-AE43-453F-A848-2FBECBE2669F}.AppStore|x64.Deploy.0 = Release|Any CPU
		{5B1D9021-AE43-453F-A848-2FBECBE2669F}.AppStore|x86.ActiveCfg = Release|Any CPU
		{5B1D9021-AE43-453F-A848-2FBECBE2669F}.AppStore|x86.Build.0 = Release|Any CPU
		{5B1D9021-AE43-453F-A848-2FBECBE2669F}.AppStore|x86.Deploy.0 = Release|Any CPU
		{5B1D9021-AE43-453F-A848-2FBECBE2669F}.Debug|Any CPU.ActiveCfg = Debug|Any CPU
		{5B1D9021-AE43-453F-A848-2FBECBE2669F}.Debug|Any CPU.Build.0 = Debug|Any CPU
		{5B1D9021-AE43-453F-A848-2FBECBE2669F}.Debug|Any CPU.Deploy.0 = Debug|Any CPU
		{5B1D9021-AE43-453F-A848-2FBECBE2669F}.Debug|ARM.ActiveCfg = Debug|Any CPU
		{5B1D9021-AE43-453F-A848-2FBECBE2669F}.Debug|ARM.Build.0 = Debug|Any CPU
		{5B1D9021-AE43-453F-A848-2FBECBE2669F}.Debug|ARM.Deploy.0 = Debug|Any CPU
		{5B1D9021-AE43-453F-A848-2FBECBE2669F}.Debug|iPhone.ActiveCfg = Debug|Any CPU
		{5B1D9021-AE43-453F-A848-2FBECBE2669F}.Debug|iPhone.Build.0 = Debug|Any CPU
		{5B1D9021-AE43-453F-A848-2FBECBE2669F}.Debug|iPhone.Deploy.0 = Debug|Any CPU
		{5B1D9021-AE43-453F-A848-2FBECBE2669F}.Debug|iPhoneSimulator.ActiveCfg = Debug|Any CPU
		{5B1D9021-AE43-453F-A848-2FBECBE2669F}.Debug|iPhoneSimulator.Build.0 = Debug|Any CPU
		{5B1D9021-AE43-453F-A848-2FBECBE2669F}.Debug|iPhoneSimulator.Deploy.0 = Debug|Any CPU
		{5B1D9021-AE43-453F-A848-2FBECBE2669F}.Debug|x64.ActiveCfg = Debug|Any CPU
		{5B1D9021-AE43-453F-A848-2FBECBE2669F}.Debug|x64.Build.0 = Debug|Any CPU
		{5B1D9021-AE43-453F-A848-2FBECBE2669F}.Debug|x64.Deploy.0 = Debug|Any CPU
		{5B1D9021-AE43-453F-A848-2FBECBE2669F}.Debug|x86.ActiveCfg = Debug|Any CPU
		{5B1D9021-AE43-453F-A848-2FBECBE2669F}.Release|Any CPU.ActiveCfg = Release|Any CPU
		{5B1D9021-AE43-453F-A848-2FBECBE2669F}.Release|Any CPU.Build.0 = Release|Any CPU
		{5B1D9021-AE43-453F-A848-2FBECBE2669F}.Release|Any CPU.Deploy.0 = Release|Any CPU
		{5B1D9021-AE43-453F-A848-2FBECBE2669F}.Release|ARM.ActiveCfg = Release|Any CPU
		{5B1D9021-AE43-453F-A848-2FBECBE2669F}.Release|ARM.Build.0 = Release|Any CPU
		{5B1D9021-AE43-453F-A848-2FBECBE2669F}.Release|ARM.Deploy.0 = Release|Any CPU
		{5B1D9021-AE43-453F-A848-2FBECBE2669F}.Release|iPhone.ActiveCfg = Release|Any CPU
		{5B1D9021-AE43-453F-A848-2FBECBE2669F}.Release|iPhone.Build.0 = Release|Any CPU
		{5B1D9021-AE43-453F-A848-2FBECBE2669F}.Release|iPhone.Deploy.0 = Release|Any CPU
		{5B1D9021-AE43-453F-A848-2FBECBE2669F}.Release|iPhoneSimulator.ActiveCfg = Release|Any CPU
		{5B1D9021-AE43-453F-A848-2FBECBE2669F}.Release|iPhoneSimulator.Build.0 = Release|Any CPU
		{5B1D9021-AE43-453F-A848-2FBECBE2669F}.Release|iPhoneSimulator.Deploy.0 = Release|Any CPU
		{5B1D9021-AE43-453F-A848-2FBECBE2669F}.Release|x64.ActiveCfg = Release|Any CPU
		{5B1D9021-AE43-453F-A848-2FBECBE2669F}.Release|x64.Build.0 = Release|Any CPU
		{5B1D9021-AE43-453F-A848-2FBECBE2669F}.Release|x64.Deploy.0 = Release|Any CPU
		{5B1D9021-AE43-453F-A848-2FBECBE2669F}.Release|x86.ActiveCfg = Release|Any CPU
		{5B1D9021-AE43-453F-A848-2FBECBE2669F}.Release|x86.Build.0 = Release|Any CPU
		{5B1D9021-AE43-453F-A848-2FBECBE2669F}.Release|x86.Deploy.0 = Release|Any CPU
		{0942C528-97A8-42A9-8EC4-9935FF5067F9}.Ad-Hoc|Any CPU.ActiveCfg = Ad-Hoc|iPhone
		{0942C528-97A8-42A9-8EC4-9935FF5067F9}.Ad-Hoc|ARM.ActiveCfg = Ad-Hoc|iPhone
		{0942C528-97A8-42A9-8EC4-9935FF5067F9}.Ad-Hoc|iPhone.ActiveCfg = Ad-Hoc|iPhone
		{0942C528-97A8-42A9-8EC4-9935FF5067F9}.Ad-Hoc|iPhone.Build.0 = Ad-Hoc|iPhone
		{0942C528-97A8-42A9-8EC4-9935FF5067F9}.Ad-Hoc|iPhoneSimulator.ActiveCfg = Ad-Hoc|iPhoneSimulator
		{0942C528-97A8-42A9-8EC4-9935FF5067F9}.Ad-Hoc|iPhoneSimulator.Build.0 = Ad-Hoc|iPhoneSimulator
		{0942C528-97A8-42A9-8EC4-9935FF5067F9}.Ad-Hoc|x64.ActiveCfg = Ad-Hoc|iPhone
		{0942C528-97A8-42A9-8EC4-9935FF5067F9}.Ad-Hoc|x86.ActiveCfg = Ad-Hoc|iPhone
		{0942C528-97A8-42A9-8EC4-9935FF5067F9}.AppStore|Any CPU.ActiveCfg = AppStore|iPhone
		{0942C528-97A8-42A9-8EC4-9935FF5067F9}.AppStore|ARM.ActiveCfg = AppStore|iPhone
		{0942C528-97A8-42A9-8EC4-9935FF5067F9}.AppStore|iPhone.ActiveCfg = AppStore|iPhone
		{0942C528-97A8-42A9-8EC4-9935FF5067F9}.AppStore|iPhone.Build.0 = AppStore|iPhone
		{0942C528-97A8-42A9-8EC4-9935FF5067F9}.AppStore|iPhoneSimulator.ActiveCfg = AppStore|iPhoneSimulator
		{0942C528-97A8-42A9-8EC4-9935FF5067F9}.AppStore|iPhoneSimulator.Build.0 = AppStore|iPhoneSimulator
		{0942C528-97A8-42A9-8EC4-9935FF5067F9}.AppStore|x64.ActiveCfg = AppStore|iPhone
		{0942C528-97A8-42A9-8EC4-9935FF5067F9}.AppStore|x86.ActiveCfg = AppStore|iPhone
		{0942C528-97A8-42A9-8EC4-9935FF5067F9}.Debug|Any CPU.ActiveCfg = Debug|iPhone
		{0942C528-97A8-42A9-8EC4-9935FF5067F9}.Debug|ARM.ActiveCfg = Debug|iPhone
		{0942C528-97A8-42A9-8EC4-9935FF5067F9}.Debug|iPhone.ActiveCfg = Debug|iPhone
		{0942C528-97A8-42A9-8EC4-9935FF5067F9}.Debug|iPhone.Build.0 = Debug|iPhone
		{0942C528-97A8-42A9-8EC4-9935FF5067F9}.Debug|iPhoneSimulator.ActiveCfg = Debug|iPhoneSimulator
		{0942C528-97A8-42A9-8EC4-9935FF5067F9}.Debug|iPhoneSimulator.Build.0 = Debug|iPhoneSimulator
		{0942C528-97A8-42A9-8EC4-9935FF5067F9}.Debug|x64.ActiveCfg = Debug|iPhone
		{0942C528-97A8-42A9-8EC4-9935FF5067F9}.Debug|x86.ActiveCfg = Debug|iPhone
		{0942C528-97A8-42A9-8EC4-9935FF5067F9}.Release|Any CPU.ActiveCfg = Release|iPhone
		{0942C528-97A8-42A9-8EC4-9935FF5067F9}.Release|ARM.ActiveCfg = Release|iPhone
		{0942C528-97A8-42A9-8EC4-9935FF5067F9}.Release|iPhone.ActiveCfg = Release|iPhone
		{0942C528-97A8-42A9-8EC4-9935FF5067F9}.Release|iPhone.Build.0 = Release|iPhone
		{0942C528-97A8-42A9-8EC4-9935FF5067F9}.Release|iPhoneSimulator.ActiveCfg = Release|iPhoneSimulator
		{0942C528-97A8-42A9-8EC4-9935FF5067F9}.Release|iPhoneSimulator.Build.0 = Release|iPhoneSimulator
		{0942C528-97A8-42A9-8EC4-9935FF5067F9}.Release|x64.ActiveCfg = Release|iPhone
		{0942C528-97A8-42A9-8EC4-9935FF5067F9}.Release|x86.ActiveCfg = Release|iPhone
		{EC303CE2-1A11-471B-8E70-353D7960ECB8}.Ad-Hoc|Any CPU.ActiveCfg = Release|x86
		{EC303CE2-1A11-471B-8E70-353D7960ECB8}.Ad-Hoc|Any CPU.Build.0 = Release|x86
		{EC303CE2-1A11-471B-8E70-353D7960ECB8}.Ad-Hoc|Any CPU.Deploy.0 = Release|x86
		{EC303CE2-1A11-471B-8E70-353D7960ECB8}.Ad-Hoc|ARM.ActiveCfg = Release|ARM
		{EC303CE2-1A11-471B-8E70-353D7960ECB8}.Ad-Hoc|ARM.Build.0 = Release|ARM
		{EC303CE2-1A11-471B-8E70-353D7960ECB8}.Ad-Hoc|ARM.Deploy.0 = Release|ARM
		{EC303CE2-1A11-471B-8E70-353D7960ECB8}.Ad-Hoc|iPhone.ActiveCfg = Release|x86
		{EC303CE2-1A11-471B-8E70-353D7960ECB8}.Ad-Hoc|iPhone.Build.0 = Release|x86
		{EC303CE2-1A11-471B-8E70-353D7960ECB8}.Ad-Hoc|iPhone.Deploy.0 = Release|x86
		{EC303CE2-1A11-471B-8E70-353D7960ECB8}.Ad-Hoc|iPhoneSimulator.ActiveCfg = Release|x86
		{EC303CE2-1A11-471B-8E70-353D7960ECB8}.Ad-Hoc|iPhoneSimulator.Build.0 = Release|x86
		{EC303CE2-1A11-471B-8E70-353D7960ECB8}.Ad-Hoc|iPhoneSimulator.Deploy.0 = Release|x86
		{EC303CE2-1A11-471B-8E70-353D7960ECB8}.Ad-Hoc|x64.ActiveCfg = Release|x64
		{EC303CE2-1A11-471B-8E70-353D7960ECB8}.Ad-Hoc|x64.Build.0 = Release|x64
		{EC303CE2-1A11-471B-8E70-353D7960ECB8}.Ad-Hoc|x64.Deploy.0 = Release|x64
		{EC303CE2-1A11-471B-8E70-353D7960ECB8}.Ad-Hoc|x86.ActiveCfg = Release|x86
		{EC303CE2-1A11-471B-8E70-353D7960ECB8}.Ad-Hoc|x86.Build.0 = Release|x86
		{EC303CE2-1A11-471B-8E70-353D7960ECB8}.Ad-Hoc|x86.Deploy.0 = Release|x86
		{EC303CE2-1A11-471B-8E70-353D7960ECB8}.AppStore|Any CPU.ActiveCfg = Release|x86
		{EC303CE2-1A11-471B-8E70-353D7960ECB8}.AppStore|Any CPU.Build.0 = Release|x86
		{EC303CE2-1A11-471B-8E70-353D7960ECB8}.AppStore|Any CPU.Deploy.0 = Release|x86
		{EC303CE2-1A11-471B-8E70-353D7960ECB8}.AppStore|ARM.ActiveCfg = Release|ARM
		{EC303CE2-1A11-471B-8E70-353D7960ECB8}.AppStore|ARM.Build.0 = Release|ARM
		{EC303CE2-1A11-471B-8E70-353D7960ECB8}.AppStore|ARM.Deploy.0 = Release|ARM
		{EC303CE2-1A11-471B-8E70-353D7960ECB8}.AppStore|iPhone.ActiveCfg = Release|x86
		{EC303CE2-1A11-471B-8E70-353D7960ECB8}.AppStore|iPhone.Build.0 = Release|x86
		{EC303CE2-1A11-471B-8E70-353D7960ECB8}.AppStore|iPhone.Deploy.0 = Release|x86
		{EC303CE2-1A11-471B-8E70-353D7960ECB8}.AppStore|iPhoneSimulator.ActiveCfg = Release|x86
		{EC303CE2-1A11-471B-8E70-353D7960ECB8}.AppStore|iPhoneSimulator.Build.0 = Release|x86
		{EC303CE2-1A11-471B-8E70-353D7960ECB8}.AppStore|iPhoneSimulator.Deploy.0 = Release|x86
		{EC303CE2-1A11-471B-8E70-353D7960ECB8}.AppStore|x64.ActiveCfg = Release|x64
		{EC303CE2-1A11-471B-8E70-353D7960ECB8}.AppStore|x64.Build.0 = Release|x64
		{EC303CE2-1A11-471B-8E70-353D7960ECB8}.AppStore|x64.Deploy.0 = Release|x64
		{EC303CE2-1A11-471B-8E70-353D7960ECB8}.AppStore|x86.ActiveCfg = Release|x86
		{EC303CE2-1A11-471B-8E70-353D7960ECB8}.AppStore|x86.Build.0 = Release|x86
		{EC303CE2-1A11-471B-8E70-353D7960ECB8}.AppStore|x86.Deploy.0 = Release|x86
		{EC303CE2-1A11-471B-8E70-353D7960ECB8}.Debug|Any CPU.ActiveCfg = Debug|x86
		{EC303CE2-1A11-471B-8E70-353D7960ECB8}.Debug|Any CPU.Build.0 = Debug|x86
		{EC303CE2-1A11-471B-8E70-353D7960ECB8}.Debug|Any CPU.Deploy.0 = Debug|x86
		{EC303CE2-1A11-471B-8E70-353D7960ECB8}.Debug|ARM.ActiveCfg = Debug|ARM
		{EC303CE2-1A11-471B-8E70-353D7960ECB8}.Debug|ARM.Build.0 = Debug|ARM
		{EC303CE2-1A11-471B-8E70-353D7960ECB8}.Debug|ARM.Deploy.0 = Debug|ARM
		{EC303CE2-1A11-471B-8E70-353D7960ECB8}.Debug|iPhone.ActiveCfg = Debug|x86
		{EC303CE2-1A11-471B-8E70-353D7960ECB8}.Debug|iPhoneSimulator.ActiveCfg = Debug|x86
		{EC303CE2-1A11-471B-8E70-353D7960ECB8}.Debug|x64.ActiveCfg = Debug|x64
		{EC303CE2-1A11-471B-8E70-353D7960ECB8}.Debug|x64.Build.0 = Debug|x64
		{EC303CE2-1A11-471B-8E70-353D7960ECB8}.Debug|x64.Deploy.0 = Debug|x64
		{EC303CE2-1A11-471B-8E70-353D7960ECB8}.Debug|x86.ActiveCfg = Debug|x86
		{EC303CE2-1A11-471B-8E70-353D7960ECB8}.Debug|x86.Build.0 = Debug|x86
		{EC303CE2-1A11-471B-8E70-353D7960ECB8}.Debug|x86.Deploy.0 = Debug|x86
		{EC303CE2-1A11-471B-8E70-353D7960ECB8}.Release|Any CPU.ActiveCfg = Release|x86
		{EC303CE2-1A11-471B-8E70-353D7960ECB8}.Release|ARM.ActiveCfg = Release|ARM
		{EC303CE2-1A11-471B-8E70-353D7960ECB8}.Release|ARM.Build.0 = Release|ARM
		{EC303CE2-1A11-471B-8E70-353D7960ECB8}.Release|ARM.Deploy.0 = Release|ARM
		{EC303CE2-1A11-471B-8E70-353D7960ECB8}.Release|iPhone.ActiveCfg = Release|x86
		{EC303CE2-1A11-471B-8E70-353D7960ECB8}.Release|iPhoneSimulator.ActiveCfg = Release|x86
		{EC303CE2-1A11-471B-8E70-353D7960ECB8}.Release|x64.ActiveCfg = Release|x64
		{EC303CE2-1A11-471B-8E70-353D7960ECB8}.Release|x64.Build.0 = Release|x64
		{EC303CE2-1A11-471B-8E70-353D7960ECB8}.Release|x64.Deploy.0 = Release|x64
		{EC303CE2-1A11-471B-8E70-353D7960ECB8}.Release|x86.ActiveCfg = Release|x86
		{EC303CE2-1A11-471B-8E70-353D7960ECB8}.Release|x86.Build.0 = Release|x86
		{EC303CE2-1A11-471B-8E70-353D7960ECB8}.Release|x86.Deploy.0 = Release|x86
		{BFAE359E-121F-4908-AE1B-882A1962706F}.Ad-Hoc|Any CPU.ActiveCfg = Debug|Any CPU
		{BFAE359E-121F-4908-AE1B-882A1962706F}.Ad-Hoc|Any CPU.Build.0 = Debug|Any CPU
		{BFAE359E-121F-4908-AE1B-882A1962706F}.Ad-Hoc|ARM.ActiveCfg = Debug|Any CPU
		{BFAE359E-121F-4908-AE1B-882A1962706F}.Ad-Hoc|ARM.Build.0 = Debug|Any CPU
		{BFAE359E-121F-4908-AE1B-882A1962706F}.Ad-Hoc|iPhone.ActiveCfg = Debug|Any CPU
		{BFAE359E-121F-4908-AE1B-882A1962706F}.Ad-Hoc|iPhone.Build.0 = Debug|Any CPU
		{BFAE359E-121F-4908-AE1B-882A1962706F}.Ad-Hoc|iPhoneSimulator.ActiveCfg = Debug|Any CPU
		{BFAE359E-121F-4908-AE1B-882A1962706F}.Ad-Hoc|iPhoneSimulator.Build.0 = Debug|Any CPU
		{BFAE359E-121F-4908-AE1B-882A1962706F}.Ad-Hoc|x64.ActiveCfg = Debug|Any CPU
		{BFAE359E-121F-4908-AE1B-882A1962706F}.Ad-Hoc|x64.Build.0 = Debug|Any CPU
		{BFAE359E-121F-4908-AE1B-882A1962706F}.Ad-Hoc|x86.ActiveCfg = Debug|Any CPU
		{BFAE359E-121F-4908-AE1B-882A1962706F}.Ad-Hoc|x86.Build.0 = Debug|Any CPU
		{BFAE359E-121F-4908-AE1B-882A1962706F}.AppStore|Any CPU.ActiveCfg = Debug|Any CPU
		{BFAE359E-121F-4908-AE1B-882A1962706F}.AppStore|Any CPU.Build.0 = Debug|Any CPU
		{BFAE359E-121F-4908-AE1B-882A1962706F}.AppStore|ARM.ActiveCfg = Debug|Any CPU
		{BFAE359E-121F-4908-AE1B-882A1962706F}.AppStore|ARM.Build.0 = Debug|Any CPU
		{BFAE359E-121F-4908-AE1B-882A1962706F}.AppStore|iPhone.ActiveCfg = Debug|Any CPU
		{BFAE359E-121F-4908-AE1B-882A1962706F}.AppStore|iPhone.Build.0 = Debug|Any CPU
		{BFAE359E-121F-4908-AE1B-882A1962706F}.AppStore|iPhoneSimulator.ActiveCfg = Debug|Any CPU
		{BFAE359E-121F-4908-AE1B-882A1962706F}.AppStore|iPhoneSimulator.Build.0 = Debug|Any CPU
		{BFAE359E-121F-4908-AE1B-882A1962706F}.AppStore|x64.ActiveCfg = Debug|Any CPU
		{BFAE359E-121F-4908-AE1B-882A1962706F}.AppStore|x64.Build.0 = Debug|Any CPU
		{BFAE359E-121F-4908-AE1B-882A1962706F}.AppStore|x86.ActiveCfg = Debug|Any CPU
		{BFAE359E-121F-4908-AE1B-882A1962706F}.AppStore|x86.Build.0 = Debug|Any CPU
		{BFAE359E-121F-4908-AE1B-882A1962706F}.Debug|Any CPU.ActiveCfg = Debug|Any CPU
		{BFAE359E-121F-4908-AE1B-882A1962706F}.Debug|Any CPU.Build.0 = Debug|Any CPU
		{BFAE359E-121F-4908-AE1B-882A1962706F}.Debug|ARM.ActiveCfg = Debug|Any CPU
		{BFAE359E-121F-4908-AE1B-882A1962706F}.Debug|ARM.Build.0 = Debug|Any CPU
		{BFAE359E-121F-4908-AE1B-882A1962706F}.Debug|iPhone.ActiveCfg = Debug|Any CPU
		{BFAE359E-121F-4908-AE1B-882A1962706F}.Debug|iPhone.Build.0 = Debug|Any CPU
		{BFAE359E-121F-4908-AE1B-882A1962706F}.Debug|iPhoneSimulator.ActiveCfg = Debug|Any CPU
		{BFAE359E-121F-4908-AE1B-882A1962706F}.Debug|iPhoneSimulator.Build.0 = Debug|Any CPU
		{BFAE359E-121F-4908-AE1B-882A1962706F}.Debug|x64.ActiveCfg = Debug|Any CPU
		{BFAE359E-121F-4908-AE1B-882A1962706F}.Debug|x64.Build.0 = Debug|Any CPU
		{BFAE359E-121F-4908-AE1B-882A1962706F}.Debug|x86.ActiveCfg = Debug|Any CPU
		{BFAE359E-121F-4908-AE1B-882A1962706F}.Debug|x86.Build.0 = Debug|Any CPU
		{BFAE359E-121F-4908-AE1B-882A1962706F}.Release|Any CPU.ActiveCfg = Release|Any CPU
		{BFAE359E-121F-4908-AE1B-882A1962706F}.Release|Any CPU.Build.0 = Release|Any CPU
		{BFAE359E-121F-4908-AE1B-882A1962706F}.Release|ARM.ActiveCfg = Release|Any CPU
		{BFAE359E-121F-4908-AE1B-882A1962706F}.Release|ARM.Build.0 = Release|Any CPU
		{BFAE359E-121F-4908-AE1B-882A1962706F}.Release|iPhone.ActiveCfg = Release|Any CPU
		{BFAE359E-121F-4908-AE1B-882A1962706F}.Release|iPhone.Build.0 = Release|Any CPU
		{BFAE359E-121F-4908-AE1B-882A1962706F}.Release|iPhoneSimulator.ActiveCfg = Release|Any CPU
		{BFAE359E-121F-4908-AE1B-882A1962706F}.Release|iPhoneSimulator.Build.0 = Release|Any CPU
		{BFAE359E-121F-4908-AE1B-882A1962706F}.Release|x64.ActiveCfg = Release|Any CPU
		{BFAE359E-121F-4908-AE1B-882A1962706F}.Release|x64.Build.0 = Release|Any CPU
		{BFAE359E-121F-4908-AE1B-882A1962706F}.Release|x86.ActiveCfg = Release|Any CPU
		{BFAE359E-121F-4908-AE1B-882A1962706F}.Release|x86.Build.0 = Release|Any CPU
	EndGlobalSection
	GlobalSection(SolutionProperties) = preSolution
		HideSolutionNode = FALSE
	EndGlobalSection
	GlobalSection(ExtensibilityGlobals) = postSolution
		SolutionGuid = {7C029D2C-2FDC-4B5F-AE58-C7C2CE76D426}
	EndGlobalSection
EndGlobal
